
Microsoft Visual Studio Solution File, Format Version 12.00
# Visual Studio Version 17
VisualStudioVersion = 17.1.32328.378
MinimumVisualStudioVersion = 10.0.40219.1
Project("{FAE04EC0-301F-11D3-BF4B-00C04F79EFBC}") = "Chess.App", "Chess.App\Chess.App.csproj", "{DB02AB45-7249-4731-8CCF-3DD11D0F763A}"
EndProject
Project("{FAE04EC0-301F-11D3-BF4B-00C04F79EFBC}") = "Chess", "Chess\Chess.csproj", "{6FA92455-23EF-48D0-8C7C-60A4048FB198}"
EndProject
Project("{FAE04EC0-301F-11D3-BF4B-00C04F79EFBC}") = "Chess.Tests", "Chess.Tests\Chess.Tests.csproj", "{363905C9-5413-49E7-8F7E-1585F06B6F99}"
EndProject
Global
	GlobalSection(SolutionConfigurationPlatforms) = preSolution
		Debug|Any CPU = Debug|Any CPU
		Release|Any CPU = Release|Any CPU
	EndGlobalSection
	GlobalSection(ProjectConfigurationPlatforms) = postSolution
		{DB02AB45-7249-4731-8CCF-3DD11D0F763A}.Debug|Any CPU.ActiveCfg = Debug|Any CPU
		{DB02AB45-7249-4731-8CCF-3DD11D0F763A}.Debug|Any CPU.Build.0 = Debug|Any CPU
		{DB02AB45-7249-4731-8CCF-3DD11D0F763A}.Release|Any CPU.ActiveCfg = Release|Any CPU
		{DB02AB45-7249-4731-8CCF-3DD11D0F763A}.Release|Any CPU.Build.0 = Release|Any CPU
		{6FA92455-23EF-48D0-8C7C-60A4048FB198}.Debug|Any CPU.ActiveCfg = Debug|Any CPU
		{6FA92455-23EF-48D0-8C7C-60A4048FB198}.Debug|Any CPU.Build.0 = Debug|Any CPU
		{6FA92455-23EF-48D0-8C7C-60A4048FB198}.Release|Any CPU.ActiveCfg = Release|Any CPU
		{6FA92455-23EF-48D0-8C7C-60A4048FB198}.Release|Any CPU.Build.0 = Release|Any CPU
		{363905C9-5413-49E7-8F7E-1585F06B6F99}.Debug|Any CPU.ActiveCfg = Debug|Any CPU
		{363905C9-5413-49E7-8F7E-1585F06B6F99}.Debug|Any CPU.Build.0 = Debug|Any CPU
		{363905C9-5413-49E7-8F7E-1585F06B6F99}.Release|Any CPU.ActiveCfg = Release|Any CPU
		{363905C9-5413-49E7-8F7E-1585F06B6F99}.Release|Any CPU.Build.0 = Release|Any CPU
	EndGlobalSection
	GlobalSection(SolutionProperties) = preSolution
		HideSolutionNode = FALSE
	EndGlobalSection
	GlobalSection(ExtensibilityGlobals) = postSolution
		SolutionGuid = {A3294C61-F5AB-4F6F-9E9E-0D88DA3494BE}
	EndGlobalSection
EndGlobal
